lockfileVersion: '9.0'

settings:
  autoInstallPeers: true
  excludeLinksFromLockfile: false

importers:

  .:
    dependencies:
      naive-ui:
        specifier: 2.11.12
        version: 2.11.12(vue-router@4.5.0(vue@3.5.13))(vue@3.5.13)
      vue:
        specifier: ^3.2.41
        version: 3.5.13
    devDependencies:
      '@rollup/plugin-commonjs':
        specifier: ^23.0.2
        version: 23.0.7(rollup@2.79.2)
      '@rollup/plugin-node-resolve':
        specifier: ^15.0.0
        version: 15.3.1(rollup@2.79.2)
      rollup:
        specifier: ^2.75.6
        version: 2.79.2
      rollup-plugin-terser:
        specifier: ^7.0.2
        version: 7.0.2(rollup@2.79.2)

packages:

  '@babel/code-frame@7.26.2':
    resolution: {integrity: sha512-RJlIHRueQgwWitWgF8OdFYGZX328Ax5BCemNGlqHfplnRT9ESi8JkFlvaVYbS+UubVY6dpv87Fs2u5M29iNFVQ==}
    engines: {node: '>=6.9.0'}

  '@babel/helper-string-parser@7.25.9':
    resolution: {integrity: sha512-4A/SCr/2KLd5jrtOMFzaKjVtAei3+2r/NChoBNoZ3EyP/+GlhoaEGoWOZUmFmoITP7zOJyHIMm+DYRd8o3PvHA==}
    engines: {node: '>=6.9.0'}

  '@babel/helper-validator-identifier@7.25.9':
    resolution: {integrity: sha512-Ed61U6XJc3CVRfkERJWDz4dJwKe7iLmmJsbOGu9wSloNSFttHV0I8g6UAgb7qnK5ly5bGLPd4oXZlxCdANBOWQ==}
    engines: {node: '>=6.9.0'}

  '@babel/parser@7.26.5':
    resolution: {integrity: sha512-SRJ4jYmXRqV1/Xc+TIVG84WjHBXKlxO9sHQnA2Pf12QQEAp1LOh6kDzNHXcUnbH1QI0FDoPPVOt+vyUDucxpaw==}
    engines: {node: '>=6.0.0'}
    hasBin: true

  '@babel/runtime@7.26.0':
    resolution: {integrity: sha512-FDSOghenHTiToteC/QRlv2q3DhPZ/oOXTBoirfWNx1Cx3TMVcGWQtMMmQcSvb/JjpNeGzx8Pq/b4fKEJuWm1sw==}
    engines: {node: '>=6.9.0'}

  '@babel/types@7.26.5':
    resolution: {integrity: sha512-L6mZmwFDK6Cjh1nRCLXpa6no13ZIioJDz7mdkzHv399pThrTa/k0nUlNaenOeh2kWu/iaOQYElEpKPUswUa9Vg==}
    engines: {node: '>=6.9.0'}

  '@css-render/plugin-bem@0.15.14':
    resolution: {integrity: sha512-QK513CJ7yEQxm/P3EwsI+d+ha8kSOcjGvD6SevM41neEMxdULE+18iuQK6tEChAWMOQNQPLG/Rw3Khb69r5neg==}
    peerDependencies:
      css-render: ~0.15.14

  '@css-render/vue3-ssr@0.15.14':
    resolution: {integrity: sha512-//8027GSbxE9n3QlD73xFY6z4ZbHbvrOVB7AO6hsmrEzGbg+h2A09HboUyDgu+xsmj7JnvJD39Irt+2D0+iV8g==}
    peerDependencies:
      vue: ^3.0.11

  '@emotion/hash@0.8.0':
    resolution: {integrity: sha512-kBJtf7PH6aWwZ6fka3zQ0p6SBYzx4fl1LoZXE2RrnYST9Xljm7WfKJrU4g/Xr3Beg72MLrp1AWNUmuYJTL7Cow==}

  '@jridgewell/gen-mapping@0.3.8':
    resolution: {integrity: sha512-imAbBGkb+ebQyxKgzv5Hu2nmROxoDOXHh80evxdoXNOrvAnVx7zimzc1Oo5h9RlfV4vPXaE2iM5pOFbvOCClWA==}
    engines: {node: '>=6.0.0'}

  '@jridgewell/resolve-uri@3.1.2':
    resolution: {integrity: sha512-bRISgCIjP20/tbWSPWMEi54QVPRZExkuD9lJL+UIxUKtwVJA8wW1Trb1jMs1RFXo1CBTNZ/5hpC9QvmKWdopKw==}
    engines: {node: '>=6.0.0'}

  '@jridgewell/set-array@1.2.1':
    resolution: {integrity: sha512-R8gLRTZeyp03ymzP/6Lil/28tGeGEzhx1q2k703KGWRAI1VdvPIXdG70VJc2pAMw3NA6JKL5hhFu1sJX0Mnn/A==}
    engines: {node: '>=6.0.0'}

  '@jridgewell/source-map@0.3.6':
    resolution: {integrity: sha512-1ZJTZebgqllO79ue2bm3rIGud/bOe0pP5BjSRCRxxYkEZS8STV7zN84UBbiYu7jy+eCKSnVIUgoWWE/tt+shMQ==}

  '@jridgewell/sourcemap-codec@1.5.0':
    resolution: {integrity: sha512-gv3ZRaISU3fjPAgNsriBRqGWQL6quFx04YMPW/zD8XMLsU32mhCCbfbO6KZFLjvYpCZ8zyDEgqsgf+PwPaM7GQ==}

  '@jridgewell/trace-mapping@0.3.25':
    resolution: {integrity: sha512-vNk6aEwybGtawWmy/PzwnGDOjCkLWSD2wqvjGGAgOAwCGWySYXfYoxt00IJkTF+8Lb57DwOb3Aa0o9CApepiYQ==}

  '@juggle/resize-observer@3.4.0':
    resolution: {integrity: sha512-dfLbk+PwWvFzSxwk3n5ySL0hfBog779o8h68wK/7/APo/7cgyWp5jcXockbxdk5kFRkbeXWm4Fbi9FrdN381sA==}

  '@rollup/plugin-commonjs@23.0.7':
    resolution: {integrity: sha512-hsSD5Qzyuat/swzrExGG5l7EuIlPhwTsT7KwKbSCQzIcJWjRxiimi/0tyMYY2bByitNb3i1p+6JWEDGa0NvT0Q==}
    engines: {node: '>=14.0.0'}
    peerDependencies:
      rollup: ^2.68.0||^3.0.0
    peerDependenciesMeta:
      rollup:
        optional: true

  '@rollup/plugin-node-resolve@15.3.1':
    resolution: {integrity: sha512-tgg6b91pAybXHJQMAAwW9VuWBO6Thi+q7BCNARLwSqlmsHz0XYURtGvh/AuwSADXSI4h/2uHbs7s4FzlZDGSGA==}
    engines: {node: '>=14.0.0'}
    peerDependencies:
      rollup: ^2.78.0||^3.0.0||^4.0.0
    peerDependenciesMeta:
      rollup:
        optional: true

  '@rollup/pluginutils@5.1.4':
    resolution: {integrity: sha512-USm05zrsFxYLPdWWq+K3STlWiT/3ELn3RcV5hJMghpeAIhxfsUIg6mt12CBJBInWMV4VneoV7SfGv8xIwo2qNQ==}
    engines: {node: '>=14.0.0'}
    peerDependencies:
      rollup: ^1.20.0||^2.0.0||^3.0.0||^4.0.0
    peerDependenciesMeta:
      rollup:
        optional: true

  '@types/estree@1.0.6':
    resolution: {integrity: sha512-AYnb1nQyY49te+VRAVgmzfcgjYS91mY5P0TKUDCLEM+gNnA+3T6rWITXRLYCpahpqSQbN5cE+gHpnPyXjHWxcw==}

  '@types/lodash-es@4.17.12':
    resolution: {integrity: sha512-0NgftHUcV4v34VhXm8QBSftKVXtbkBG3ViCjs6+eJ5a6y6Mi/jiFGPc1sC7QK+9BFhWrURE3EOggmWaSxL9OzQ==}

  '@types/lodash@4.17.14':
    resolution: {integrity: sha512-jsxagdikDiDBeIRaPYtArcT8my4tN1og7MtMRquFT3XNA6axxyHDRUemqDz/taRDdOUn0GnGHRCuff4q48sW9A==}

  '@types/node@22.10.9':
    resolution: {integrity: sha512-Ir6hwgsKyNESl/gLOcEz3krR4CBGgliDqBQ2ma4wIhEx0w+xnoeTq3tdrNw15kU3SxogDjOgv9sqdtLW8mIHaw==}

  '@types/resolve@1.20.2':
    resolution: {integrity: sha512-60BCwRFOZCQhDncwQdxxeOEEkbc5dIMccYLwbxsS4TUNeVECQ/pBJ0j09mrHOl/JJvpRPGwO9SvE4nR2Nb/a4Q==}

  '@vue/compiler-core@3.5.13':
    resolution: {integrity: sha512-oOdAkwqUfW1WqpwSYJce06wvt6HljgY3fGeM9NcVA1HaYOij3mZG9Rkysn0OHuyUAGMbEbARIpsG+LPVlBJ5/Q==}

  '@vue/compiler-dom@3.5.13':
    resolution: {integrity: sha512-ZOJ46sMOKUjO3e94wPdCzQ6P1Lx/vhp2RSvfaab88Ajexs0AHeV0uasYhi99WPaogmBlRHNRuly8xV75cNTMDA==}

  '@vue/compiler-sfc@3.5.13':
    resolution: {integrity: sha512-6VdaljMpD82w6c2749Zhf5T9u5uLBWKnVue6XWxprDobftnletJ8+oel7sexFfM3qIxNmVE7LSFGTpv6obNyaQ==}

  '@vue/compiler-ssr@3.5.13':
    resolution: {integrity: sha512-wMH6vrYHxQl/IybKJagqbquvxpWCuVYpoUJfCqFZwa/JY1GdATAQ+TgVtgrwwMZ0D07QhA99rs/EAAWfvG6KpA==}

  '@vue/devtools-api@6.6.4':
    resolution: {integrity: sha512-sGhTPMuXqZ1rVOk32RylztWkfXTRhuS7vgAKv0zjqk8gbsHkJ7xfFf+jbySxt7tWObEJwyKaHMikV/WGDiQm8g==}

  '@vue/reactivity@3.5.13':
    resolution: {integrity: sha512-NaCwtw8o48B9I6L1zl2p41OHo/2Z4wqYGGIK1Khu5T7yxrn+ATOixn/Udn2m+6kZKB/J7cuT9DbWWhRxqixACg==}

  '@vue/runtime-core@3.5.13':
    resolution: {integrity: sha512-Fj4YRQ3Az0WTZw1sFe+QDb0aXCerigEpw418pw1HBUKFtnQHWzwojaukAs2X/c9DQz4MQ4bsXTGlcpGxU/RCIw==}

  '@vue/runtime-dom@3.5.13':
    resolution: {integrity: sha512-dLaj94s93NYLqjLiyFzVs9X6dWhTdAlEAciC3Moq7gzAc13VJUdCnjjRurNM6uTLFATRHexHCTu/Xp3eW6yoog==}

  '@vue/server-renderer@3.5.13':
    resolution: {integrity: sha512-wAi4IRJV/2SAW3htkTlB+dHeRmpTiVIK1OGLWV1yeStVSebSQQOwGwIq0D3ZIoBj2C2qpgz5+vX9iEBkTdk5YA==}
    peerDependencies:
      vue: 3.5.13

  '@vue/shared@3.5.13':
    resolution: {integrity: sha512-/hnE/qP5ZoGpol0a5mDi45bOd7t3tjYJBjsgCsivow7D48cJeV5l05RD82lPqi7gRiphZM37rnhW1l6ZoCNNnQ==}

  acorn@8.14.0:
    resolution: {integrity: sha512-cl669nCJTZBsL97OF4kUQm5g5hC2uihk0NxY3WENAC0TYdILVkAyHymAntgxGkl7K+t0cXIrH5siy5S4XkFycA==}
    engines: {node: '>=0.4.0'}
    hasBin: true

  async-validator@3.5.2:
    resolution: {integrity: sha512-8eLCg00W9pIRZSB781UUX/H6Oskmm8xloZfr09lz5bikRpBVDlJ3hRVuxxP1SxcwsEYfJ4IU8Q19Y8/893r3rQ==}

  balanced-match@1.0.2:
    resolution: {integrity: sha512-3oSeUO0TMV67hN1AmbXsK4yaqU7tjiHlbxRDZOpH0KW9+CeX4bRAaX0Anxt0tx2MrpRpWwQaPwIlISEJhYU5Pw==}

  brace-expansion@2.0.1:
    resolution: {integrity: sha512-XnAIvQ8eM+kC6aULx6wuQiwVsnzsi9d3WxzV3FpWTGA19F621kwdbsAcFKXgKUHZWsy+mY6iL1sHTxWEFCytDA==}

  buffer-from@1.1.2:
    resolution: {integrity: sha512-E+XQCRwSbaaiChtv6k6Dwgc+bx+Bs6vuKJHHl5kox/BaKbhiXzqQOwK4cO22yElGp2OCmjwVhT3HmxgyPGnJfQ==}

  commander@2.20.3:
    resolution: {integrity: sha512-GpVkmM8vF2vQUkj2LvZmD35JxeJOLCwJ9cUkugyk2nuhbv3+mJvpLYYt+0+USMxE+oj+ey/lJEnhZw75x/OMcQ==}

  commondir@1.0.1:
    resolution: {integrity: sha512-W9pAhw0ja1Edb5GVdIF1mjZw/ASI0AlShXM83UUGe2DVr5TdAPEA1OA8m/g8zWp9x6On7gqufY+FatDbC3MDQg==}

  css-render@0.15.14:
    resolution: {integrity: sha512-9nF4PdUle+5ta4W5SyZdLCCmFd37uVimSjg1evcTqKJCyvCEEj12WKzOSBNak6r4im4J4iYXKH1OWpUV5LBYFg==}

  csstype@3.0.11:
    resolution: {integrity: sha512-sa6P2wJ+CAbgyy4KFssIb/JNMLxFvKF1pCYCSXS8ZMuqZnMsrxqI2E5sPyoTpxoPU/gVZMzr2zjOfg8GIZOMsw==}

  csstype@3.1.3:
    resolution: {integrity: sha512-M1uQkMl8rQK/szD0LNhtqxIPLpimGm8sOBwU7lLnCpSbTyY3yeU1Vc7l4KT5zT4s/yOxHH5O7tIuuLOCnLADRw==}

  date-fns@2.30.0:
    resolution: {integrity: sha512-fnULvOpxnC5/Vg3NCiWelDsLiUc9bRwAPs/+LfTLNvetFCtCTN+yQz15C/fs4AwX1R9K5GLtLfn8QW+dWisaAw==}
    engines: {node: '>=0.11'}

  deepmerge@4.3.1:
    resolution: {integrity: sha512-3sUqbMEc77XqpdNO7FRyRog+eW3ph+GYCbj+rK+uYyRMuwsVy0rMiVtPn+QJlKFvWP/1PYpapqYn0Me2knFn+A==}
    engines: {node: '>=0.10.0'}

  entities@4.5.0:
    resolution: {integrity: sha512-V0hjH4dGPh9Ao5p0MoRY6BVqtwCjhz6vI5LT8AJ55H+4g9/4vbHx1I54fS0XuclLhDHArPQCiMjDxjaL8fPxhw==}
    engines: {node: '>=0.12'}

  estree-walker@2.0.2:
    resolution: {integrity: sha512-Rfkk/Mp/DL7JVje3u18FxFujQlTNR2q6QfMSMB7AvCBx91NGj/ba3kCfza0f6dVDbw7YlRf/nDrn7pQrCCyQ/w==}

  evtd@0.2.4:
    resolution: {integrity: sha512-qaeGN5bx63s/AXgQo8gj6fBkxge+OoLddLniox5qtLAEY5HSnuSlISXVPxnSae1dWblvTh4/HoMIB+mbMsvZzw==}

  fs.realpath@1.0.0:
    resolution: {integrity: sha512-OO0pH2lK6a0hZnAdau5ItzHPI6pUlvI7jMVnxUQRtw4owF2wk8lOSabtGDCTP4Ggrg2MbGnWO9X8K1t4+fGMDw==}

  fsevents@2.3.3:
    resolution: {integrity: sha512-5xoDfX+fL7faATnagmWPpbFtwh/R77WmMMqqHGS65C3vvB0YHrgF+B1YmZ3441tMj5n63k0212XNoJwzlhffQw==}
    engines: {node: ^8.16.0 || ^10.6.0 || >=11.0.0}
    os: [darwin]

  function-bind@1.1.2:
    resolution: {integrity: sha512-7XHNxH7qX9xG5mIwxkhumTox/MIRNcOgDrxWsMt2pAr23WHp6MrRlN7FBSFpCpr+oVO0F744iUgR82nJMfG2SA==}

  glob@8.1.0:
    resolution: {integrity: sha512-r8hpEjiQEYlF2QU0df3dS+nxxSIreXQS1qRhMJM0Q5NDdR386C7jb7Hwwod8Fgiuex+k0GFjgft18yvxm5XoCQ==}
    engines: {node: '>=12'}
    deprecated: Glob versions prior to v9 are no longer supported

  has-flag@4.0.0:
    resolution: {integrity: sha512-EykJT/Q1KjTWctppgIAgfSO0tKVuZUjhgMr17kqTumMl6Afv3EISleU7qZUzoXDFTAHTDC4NOoG/ZxU3EvlMPQ==}
    engines: {node: '>=8'}

  hasown@2.0.2:
    resolution: {integrity: sha512-0hJU9SCPvmMzIBdZFqNPXWa6dqh7WdH0cII9y+CyS8rG3nL48Bclra9HmKhVVUHyPWNH5Y7xDwAB7bfgSjkUMQ==}
    engines: {node: '>= 0.4'}

  highlight.js@11.11.1:
    resolution: {integrity: sha512-Xwwo44whKBVCYoliBQwaPvtd/2tYFkRQtXDWj1nackaV2JPXx3L0+Jvd8/qCJ2p+ML0/XVkJ2q+Mr+UVdpJK5w==}
    engines: {node: '>=12.0.0'}

  inflight@1.0.6:
    resolution: {integrity: sha512-k92I/b08q4wvFscXCLvqfsHCrjrF7yiXsQuIVvVE7N82W3+aqpzuUdBbfhWcy/FZR3/4IgflMgKLOsvPDrGCJA==}
    deprecated: This module is not supported, and leaks memory. Do not use it. Check out lru-cache if you want a good and tested way to coalesce async requests by a key value, which is much more comprehensive and powerful.

  inherits@2.0.4:
    resolution: {integrity: sha512-k/vGaX4/Yla3WzyMCvTQOXYeIHvqOKtnqBduzTHpzpQZzAskKMhZ2K+EnBiSM9zGSoIFeMpXKxa4dYeZIQqewQ==}

  is-core-module@2.16.1:
    resolution: {integrity: sha512-UfoeMA6fIJ8wTYFEUjelnaGI67v6+N7qXJEvQuIGa99l4xsCruSYOVSQ0uPANn4dAzm8lkYPaKLrrijLq7x23w==}
    engines: {node: '>= 0.4'}

  is-module@1.0.0:
    resolution: {integrity: sha512-51ypPSPCoTEIN9dy5Oy+h4pShgJmPCygKfyRCISBI+JoWT/2oJvK8QPxmwv7b/p239jXrm9M1mlQbyKJ5A152g==}

  is-reference@1.2.1:
    resolution: {integrity: sha512-U82MsXXiFIrjCK4otLT+o2NA2Cd2g5MLoOVXUZjIOhLurrRxpEXzI8O0KZHr3IjLvlAH1kTPYSuqer5T9ZVBKQ==}

  jest-worker@26.6.2:
    resolution: {integrity: sha512-KWYVV1c4i+jbMpaBC+U++4Va0cp8OisU185o73T1vo99hqi7w8tSJfUXYswwqqrjzwxa6KpRK54WhPvwf5w6PQ==}
    engines: {node: '>= 10.13.0'}

  js-tokens@4.0.0:
    resolution: {integrity: sha512-RdJUflcE3cUzKiMqQgsCu06FPu9UdIJO0beYbPhHN4k6apgJtifcoCtT9bcxOpYBtpD2kCM6Sbzg4CausW/PKQ==}

  lodash-es@4.17.21:
    resolution: {integrity: sha512-mKnC+QJ9pWVzv+C4/U3rRsHapFfHvQFoFB92e52xeyGMcX6/OlIl78je1u8vePzYZSkkogMPJ2yjxxsb89cxyw==}

  lodash@4.17.21:
    resolution: {integrity: sha512-v2kDEe57lecTulaDIuNTPy3Ry4gLGJ6Z1O3vE1krgXZNrsQ+LFTGHVxVjcXPs17LhbZVGedAJv8XZ1tvj5FvSg==}

  magic-string@0.27.0:
    resolution: {integrity: sha512-8UnnX2PeRAPZuN12svgR9j7M1uWMovg/CEnIwIG0LFkXSJJe4PdfUGiTGl8V9bsBHFUtfVINcSyYxd7q+kx9fA==}
    engines: {node: '>=12'}

  magic-string@0.30.17:
    resolution: {integrity: sha512-sNPKHvyjVf7gyjwS4xGTaW/mCnF8wnjtifKBEhxfZ7E/S8tQ0rssrwGNn6q8JH/ohItJfSQp9mBtQYuTlH5QnA==}

  merge-stream@2.0.0:
    resolution: {integrity: sha512-abv/qOcuPfk3URPfDzmZU1LKmuw8kT+0nIHvKrKgFrwifol/doWcdA4ZqsWQ8ENrFKkd67Mfpo/LovbIUsbt3w==}

  minimatch@5.1.6:
    resolution: {integrity: sha512-lKwV/1brpG6mBUFHtb7NUmtABCb2WZZmm2wNiOA5hAb8VdCS4B3dtMWyvcoViccwAW/COERjXLt0zP1zXUN26g==}
    engines: {node: '>=10'}

  naive-ui@2.11.12:
    resolution: {integrity: sha512-VqmEsJP2a2zwuEAhSPWGPiOkhfP/Ak4qrUEhJu5HOZO1iNloM3kg444vt7cHN+KYdGQOKynR51/pT6YYv7a78Q==}
    peerDependencies:
      vue: ^3.0.0
      vue-router: ^4.0.0

  nanoid@3.3.8:
    resolution: {integrity: sha512-WNLf5Sd8oZxOm+TzppcYk8gVOgP+l58xNy58D0nbUnOxOWRWvlcCV4kUF7ltmI6PsrLl/BgKEyS4mqsGChFN0w==}
    engines: {node: ^10 || ^12 || ^13.7 || ^14 || >=15.0.1}
    hasBin: true

  once@1.4.0:
    resolution: {integrity: sha512-lNaJgI+2Q5URQBkccEKHTQOPaXdUxnZZElQTZY0MFUAuaEqe1E+Nyvgdz/aIyNi6Z9MzO5dv1H8n58/GELp3+w==}

  path-parse@1.0.7:
    resolution: {integrity: sha512-LDJzPVEEEPR+y48z93A0Ed0yXb8pAByGWo/k5YYdYgpY2/2EsOsksJrq7lOHxryrVOn1ejG6oAp8ahvOIQD8sw==}

  picocolors@1.1.1:
    resolution: {integrity: sha512-xceH2snhtb5M9liqDsmEw56le376mTZkEX/jEb/RxNFyegNul7eNslCXP9FDj/Lcu0X8KEyMceP2ntpaHrDEVA==}

  picomatch@4.0.2:
    resolution: {integrity: sha512-M7BAV6Rlcy5u+m6oPhAPFgJTzAioX/6B0DxyvDlo9l8+T3nLKbrczg2WLUyzd45L8RqfUMyGPzekbMvX2Ldkwg==}
    engines: {node: '>=12'}

  postcss@8.5.1:
    resolution: {integrity: sha512-6oz2beyjc5VMn/KV1pPw8fliQkhBXrVn1Z3TVyqZxU8kZpzEKhBdmCFqI6ZbmGtamQvQGuU1sgPTk8ZrXDD7jQ==}
    engines: {node: ^10 || ^12 || >=14}

  randombytes@2.1.0:
    resolution: {integrity: sha512-vYl3iOX+4CKUWuxGi9Ukhie6fsqXqS9FE2Zaic4tNFD2N2QQaXOMFbuKK4QmDHC0JO6B1Zp41J0LpT0oR68amQ==}

  regenerator-runtime@0.14.1:
    resolution: {integrity: sha512-dYnhHh0nJoMfnkZs6GmmhFknAGRrLznOu5nc9ML+EJxGvrx6H7teuevqVqCuPcPK//3eDrrjQhehXVx9cnkGdw==}

  resolve@1.22.10:
    resolution: {integrity: sha512-NPRy+/ncIMeDlTAsuqwKIiferiawhefFJtkNSW0qZJEqMEb+qBt/77B/jGeeek+F0uOeN05CDa6HXbbIgtVX4w==}
    engines: {node: '>= 0.4'}
    hasBin: true

  rollup-plugin-terser@7.0.2:
    resolution: {integrity: sha512-w3iIaU4OxcF52UUXiZNsNeuXIMDvFrr+ZXK6bFZ0Q60qyVfq4uLptoS4bbq3paG3x216eQllFZX7zt6TIImguQ==}
    deprecated: This package has been deprecated and is no longer maintained. Please use @rollup/plugin-terser
    peerDependencies:
      rollup: ^2.0.0

  rollup@2.79.2:
    resolution: {integrity: sha512-fS6iqSPZDs3dr/y7Od6y5nha8dW1YnbgtsyotCVvoFGKbERG++CVRFv1meyGDE1SNItQA8BrnCw7ScdAhRJ3XQ==}
    engines: {node: '>=10.0.0'}
    hasBin: true

  safe-buffer@5.2.1:
    resolution: {integrity: sha512-rp3So07KcdmmKbGvgaNxQSJr7bGVSVk5S9Eq1F+ppbRo70+YeaDxkw5Dd8NPN+GD6bjnYm2VuPuCXmpuYvmCXQ==}

  seemly@0.3.9:
    resolution: {integrity: sha512-bMLcaEqhIViiPbaumjLN8t1y+JpD/N8SiyYOyp0i0W6RgdyLWboIsUWAbZojF//JyerxPZR5Tgda+x3Pdne75A==}

  serialize-javascript@4.0.0:
    resolution: {integrity: sha512-GaNA54380uFefWghODBWEGisLZFj00nS5ACs6yHa9nLqlLpVLO8ChDGeKRjZnV4Nh4n0Qi7nhYZD/9fCPzEqkw==}

  source-map-js@1.2.1:
    resolution: {integrity: sha512-UXWMKhLOwVKb728IUtQPXxfYU+usdybtUrK/8uGE8CQMvrhOpwvzDBwj0QhSL7MQc7vIsISBG8VQ8+IDQxpfQA==}
    engines: {node: '>=0.10.0'}

  source-map-support@0.5.21:
    resolution: {integrity: sha512-uBHU3L3czsIyYXKX88fdrGovxdSCoTGDRZ6SYXtSRxLZUzHg5P/66Ht6uoUlHu9EZod+inXhKo3qQgwXUT/y1w==}

  source-map@0.6.1:
    resolution: {integrity: sha512-UjgapumWlbMhkBgzT7Ykc5YXUT46F0iKu8SGXq0bcwP5dz/h0Plj6enJqjz1Zbq2l5WaqYnrVbwWOWMyF3F47g==}
    engines: {node: '>=0.10.0'}

  supports-color@7.2.0:
    resolution: {integrity: sha512-qpCAvRl9stuOHveKsn7HncJRvv501qIacKzQlO/+Lwxc9+0q2wLyv4Dfvt80/DPn2pqOBsJdDiogXGR9+OvwRw==}
    engines: {node: '>=8'}

  supports-preserve-symlinks-flag@1.0.0:
    resolution: {integrity: sha512-ot0WnXS9fgdkgIcePe6RHNk1WA8+muPa6cSjeR3V8K27q9BB1rTE3R1p7Hv0z1ZyAc8s6Vvv8DIyWf681MAt0w==}
    engines: {node: '>= 0.4'}

  terser@5.37.0:
    resolution: {integrity: sha512-B8wRRkmre4ERucLM/uXx4MOV5cbnOlVAqUst+1+iLKPI0dOgFO28f84ptoQt9HEI537PMzfYa/d+GEPKTRXmYA==}
    engines: {node: '>=10'}
    hasBin: true

  treemate@0.2.12:
    resolution: {integrity: sha512-li5ZxaT7BtBIEnT7eUO3mk4BdefANPUKjCGnTciFp5e5UDy3+07HLvWelKxuIz1jCz+6r5IPoP8P/5+8Xz9Z7w==}

  undici-types@6.20.0:
    resolution: {integrity: sha512-Ny6QZ2Nju20vw1SRHe3d9jVu6gJ+4e3+MMpqu7pqE5HT6WsTSlce++GQmK5UXS8mzV8DSYHrQH+Xrf2jVcuKNg==}

  vdirs@0.1.8:
    resolution: {integrity: sha512-H9V1zGRLQZg9b+GdMk8MXDN2Lva0zx72MPahDKc30v+DtwKjfyOSXWRIX4t2mhDubM1H09gPhWeth/BJWPHGUw==}
    peerDependencies:
      vue: ^3.0.11

  vfonts@0.1.0:
    resolution: {integrity: sha512-vQBcvntBlnAPonAkGNM8iJ9NxE3PucA+V2W95xiN75YJKxirLJvOws2kEyOEO45T4N+YTbQOCR2m77Y05pfVhQ==}

  vooks@0.2.12:
    resolution: {integrity: sha512-iox0I3RZzxtKlcgYaStQYKEzWWGAduMmq+jS7OrNdQo1FgGfPMubGL3uGHOU9n97NIvfFDBGnpSvkWyb/NSn/Q==}
    peerDependencies:
      vue: ^3.0.0

  vue-router@4.5.0:
    resolution: {integrity: sha512-HDuk+PuH5monfNuY+ct49mNmkCRK4xJAV9Ts4z9UFc4rzdDnxQLyCMGGc8pKhZhHTVzfanpNwB/lwqevcBwI4w==}
    peerDependencies:
      vue: ^3.2.0

  vue@3.5.13:
    resolution: {integrity: sha512-wmeiSMxkZCSc+PM2w2VRsOYAZC8GdipNFRTsLSfodVqI9mbejKeXEGr8SckuLnrQPGe3oJN5c3K0vpoU9q/wCQ==}
    peerDependencies:
      typescript: '*'
    peerDependenciesMeta:
      typescript:
        optional: true

  vueuc@0.4.64:
    resolution: {integrity: sha512-wlJQj7fIwKK2pOEoOq4Aro8JdPOGpX8aWQhV8YkTW9OgWD2uj2O8ANzvSsIGjx7LTOc7QbS7sXdxHi6XvRnHPA==}
    peerDependencies:
      vue: ^3.0.11

  wrappy@1.0.2:
    resolution: {integrity: sha512-l4Sp/DRseor9wL6EvV2+TuQn63dMkPjZ/sp9XkghTEbV9KlPS1xUsZ3u7/IQO4wxtcFB4bgpQPRcR3QCvezPcQ==}

snapshots:

  '@babel/code-frame@7.26.2':
    dependencies:
      '@babel/helper-validator-identifier': 7.25.9
      js-tokens: 4.0.0
      picocolors: 1.1.1

  '@babel/helper-string-parser@7.25.9': {}

  '@babel/helper-validator-identifier@7.25.9': {}

  '@babel/parser@7.26.5':
    dependencies:
      '@babel/types': 7.26.5

  '@babel/runtime@7.26.0':
    dependencies:
      regenerator-runtime: 0.14.1

  '@babel/types@7.26.5':
    dependencies:
      '@babel/helper-string-parser': 7.25.9
      '@babel/helper-validator-identifier': 7.25.9

  '@css-render/plugin-bem@0.15.14(css-render@0.15.14)':
    dependencies:
      css-render: 0.15.14

  '@css-render/vue3-ssr@0.15.14(vue@3.5.13)':
    dependencies:
      vue: 3.5.13

  '@emotion/hash@0.8.0': {}

  '@jridgewell/gen-mapping@0.3.8':
    dependencies:
      '@jridgewell/set-array': 1.2.1
      '@jridgewell/sourcemap-codec': 1.5.0
      '@jridgewell/trace-mapping': 0.3.25

  '@jridgewell/resolve-uri@3.1.2': {}

  '@jridgewell/set-array@1.2.1': {}

  '@jridgewell/source-map@0.3.6':
    dependencies:
      '@jridgewell/gen-mapping': 0.3.8
      '@jridgewell/trace-mapping': 0.3.25

  '@jridgewell/sourcemap-codec@1.5.0': {}

  '@jridgewell/trace-mapping@0.3.25':
    dependencies:
      '@jridgewell/resolve-uri': 3.1.2
      '@jridgewell/sourcemap-codec': 1.5.0

  '@juggle/resize-observer@3.4.0': {}

  '@rollup/plugin-commonjs@23.0.7(rollup@2.79.2)':
    dependencies:
      '@rollup/pluginutils': 5.1.4(rollup@2.79.2)
      commondir: 1.0.1
      estree-walker: 2.0.2
      glob: 8.1.0
      is-reference: 1.2.1
      magic-string: 0.27.0
    optionalDependencies:
      rollup: 2.79.2

  '@rollup/plugin-node-resolve@15.3.1(rollup@2.79.2)':
    dependencies:
      '@rollup/pluginutils': 5.1.4(rollup@2.79.2)
      '@types/resolve': 1.20.2
      deepmerge: 4.3.1
      is-module: 1.0.0
      resolve: 1.22.10
    optionalDependencies:
      rollup: 2.79.2

  '@rollup/pluginutils@5.1.4(rollup@2.79.2)':
    dependencies:
      '@types/estree': 1.0.6
      estree-walker: 2.0.2
      picomatch: 4.0.2
    optionalDependencies:
      rollup: 2.79.2

  '@types/estree@1.0.6': {}

  '@types/lodash-es@4.17.12':
    dependencies:
      '@types/lodash': 4.17.14

  '@types/lodash@4.17.14': {}

  '@types/node@22.10.9':
    dependencies:
      undici-types: 6.20.0

  '@types/resolve@1.20.2': {}

  '@vue/compiler-core@3.5.13':
    dependencies:
      '@babel/parser': 7.26.5
      '@vue/shared': 3.5.13
      entities: 4.5.0
      estree-walker: 2.0.2
      source-map-js: 1.2.1

  '@vue/compiler-dom@3.5.13':
    dependencies:
      '@vue/compiler-core': 3.5.13
      '@vue/shared': 3.5.13

  '@vue/compiler-sfc@3.5.13':
    dependencies:
      '@babel/parser': 7.26.5
      '@vue/compiler-core': 3.5.13
      '@vue/compiler-dom': 3.5.13
      '@vue/compiler-ssr': 3.5.13
      '@vue/shared': 3.5.13
      estree-walker: 2.0.2
      magic-string: 0.30.17
      postcss: 8.5.1
      source-map-js: 1.2.1

  '@vue/compiler-ssr@3.5.13':
    dependencies:
      '@vue/compiler-dom': 3.5.13
      '@vue/shared': 3.5.13

  '@vue/devtools-api@6.6.4': {}

  '@vue/reactivity@3.5.13':
    dependencies:
      '@vue/shared': 3.5.13

  '@vue/runtime-core@3.5.13':
    dependencies:
      '@vue/reactivity': 3.5.13
      '@vue/shared': 3.5.13

  '@vue/runtime-dom@3.5.13':
    dependencies:
      '@vue/reactivity': 3.5.13
      '@vue/runtime-core': 3.5.13
      '@vue/shared': 3.5.13
      csstype: 3.1.3

  '@vue/server-renderer@3.5.13(vue@3.5.13)':
    dependencies:
      '@vue/compiler-ssr': 3.5.13
      '@vue/shared': 3.5.13
      vue: 3.5.13

  '@vue/shared@3.5.13': {}

  acorn@8.14.0: {}

  async-validator@3.5.2: {}

  balanced-match@1.0.2: {}

  brace-expansion@2.0.1:
    dependencies:
      balanced-match: 1.0.2

  buffer-from@1.1.2: {}

  commander@2.20.3: {}

  commondir@1.0.1: {}

  css-render@0.15.14:
    dependencies:
      '@emotion/hash': 0.8.0
      csstype: 3.0.11

  csstype@3.0.11: {}

  csstype@3.1.3: {}

  date-fns@2.30.0:
    dependencies:
      '@babel/runtime': 7.26.0

  deepmerge@4.3.1: {}

  entities@4.5.0: {}

  estree-walker@2.0.2: {}

  evtd@0.2.4: {}

  fs.realpath@1.0.0: {}

  fsevents@2.3.3:
    optional: true

  function-bind@1.1.2: {}

  glob@8.1.0:
    dependencies:
      fs.realpath: 1.0.0
      inflight: 1.0.6
      inherits: 2.0.4
      minimatch: 5.1.6
      once: 1.4.0

  has-flag@4.0.0: {}

  hasown@2.0.2:
    dependencies:
      function-bind: 1.1.2

  highlight.js@11.11.1: {}

  inflight@1.0.6:
    dependencies:
      once: 1.4.0
      wrappy: 1.0.2

  inherits@2.0.4: {}

  is-core-module@2.16.1:
    dependencies:
      hasown: 2.0.2

  is-module@1.0.0: {}

  is-reference@1.2.1:
    dependencies:
      '@types/estree': 1.0.6

  jest-worker@26.6.2:
    dependencies:
      '@types/node': 22.10.9
      merge-stream: 2.0.0
      supports-color: 7.2.0

  js-tokens@4.0.0: {}

  lodash-es@4.17.21: {}

  lodash@4.17.21: {}

  magic-string@0.27.0:
    dependencies:
      '@jridgewell/sourcemap-codec': 1.5.0

  magic-string@0.30.17:
    dependencies:
      '@jridgewell/sourcemap-codec': 1.5.0

  merge-stream@2.0.0: {}

  minimatch@5.1.6:
    dependencies:
      brace-expansion: 2.0.1

  naive-ui@2.11.12(vue-router@4.5.0(vue@3.5.13))(vue@3.5.13):
    dependencies:
      '@css-render/plugin-bem': 0.15.14(css-render@0.15.14)
      '@css-render/vue3-ssr': 0.15.14(vue@3.5.13)
      '@types/lodash': 4.17.14
      '@types/lodash-es': 4.17.12
      async-validator: 3.5.2
      css-render: 0.15.14
      date-fns: 2.30.0
      evtd: 0.2.4
      highlight.js: 11.11.1
      lodash: 4.17.21
      lodash-es: 4.17.21
      seemly: 0.3.9
      treemate: 0.2.12
      vdirs: 0.1.8(vue@3.5.13)
      vfonts: 0.1.0
      vooks: 0.2.12(vue@3.5.13)
      vue: 3.5.13
      vue-router: 4.5.0(vue@3.5.13)
      vueuc: 0.4.64(vue@3.5.13)

  nanoid@3.3.8: {}

  once@1.4.0:
    dependencies:
      wrappy: 1.0.2

  path-parse@1.0.7: {}

  picocolors@1.1.1: {}

  picomatch@4.0.2: {}

  postcss@8.5.1:
    dependencies:
      nanoid: 3.3.8
      picocolors: 1.1.1
      source-map-js: 1.2.1

  randombytes@2.1.0:
    dependencies:
      safe-buffer: 5.2.1

  regenerator-runtime@0.14.1: {}

  resolve@1.22.10:
    dependencies:
      is-core-module: 2.16.1
      path-parse: 1.0.7
      supports-preserve-symlinks-flag: 1.0.0

  rollup-plugin-terser@7.0.2(rollup@2.79.2):
    dependencies:
      '@babel/code-frame': 7.26.2
      jest-worker: 26.6.2
      rollup: 2.79.2
      serialize-javascript: 4.0.0
      terser: 5.37.0

  rollup@2.79.2:
    optionalDependencies:
      fsevents: 2.3.3

  safe-buffer@5.2.1: {}

  seemly@0.3.9: {}

  serialize-javascript@4.0.0:
    dependencies:
      randombytes: 2.1.0

  source-map-js@1.2.1: {}

  source-map-support@0.5.21:
    dependencies:
      buffer-from: 1.1.2
      source-map: 0.6.1

  source-map@0.6.1: {}

  supports-color@7.2.0:
    dependencies:
      has-flag: 4.0.0

  supports-preserve-symlinks-flag@1.0.0: {}

  terser@5.37.0:
    dependencies:
      '@jridgewell/source-map': 0.3.6
      acorn: 8.14.0
      commander: 2.20.3
      source-map-support: 0.5.21

  treemate@0.2.12: {}

  undici-types@6.20.0: {}

  vdirs@0.1.8(vue@3.5.13):
    dependencies:
      evtd: 0.2.4
      vue: 3.5.13

  vfonts@0.1.0: {}

  vooks@0.2.12(vue@3.5.13):
    dependencies:
      evtd: 0.2.4
      vue: 3.5.13

  vue-router@4.5.0(vue@3.5.13):
    dependencies:
      '@vue/devtools-api': 6.6.4
      vue: 3.5.13

  vue@3.5.13:
    dependencies:
      '@vue/compiler-dom': 3.5.13
      '@vue/compiler-sfc': 3.5.13
      '@vue/runtime-dom': 3.5.13
      '@vue/server-renderer': 3.5.13(vue@3.5.13)
      '@vue/shared': 3.5.13

  vueuc@0.4.64(vue@3.5.13):
    dependencies:
      '@css-render/vue3-ssr': 0.15.14(vue@3.5.13)
      '@juggle/resize-observer': 3.4.0
      css-render: 0.15.14
      evtd: 0.2.4
      seemly: 0.3.9
      vdirs: 0.1.8(vue@3.5.13)
      vooks: 0.2.12(vue@3.5.13)
      vue: 3.5.13

  wrappy@1.0.2: {}
